
Microsoft Visual Studio Solution File, Format Version 12.00
# Visual Studio 15
VisualStudioVersion = 15.0.28307.852
MinimumVisualStudioVersion = 10.0.40219.1
Project("{FAE04EC0-301F-11D3-BF4B-00C04F79EFBC}") = "OnlineTicket", "OnlineTicket\OnlineTicket.csproj", "{B532A85E-E8C0-4982-911B-762251D2E3F5}"
EndProject
Global
	GlobalSection(SolutionConfigurationPlatforms) = preSolution
		Debug|Any CPU = Debug|Any CPU
		Release|Any CPU = Release|Any CPU
	EndGlobalSection
	GlobalSection(ProjectConfigurationPlatforms) = postSolution
		{B532A85E-E8C0-4982-911B-762251D2E3F5}.Debug|Any CPU.ActiveCfg = Debug|Any CPU
		{B532A85E-E8C0-4982-911B-762251D2E3F5}.Debug|Any CPU.Build.0 = Debug|Any CPU
		{B532A85E-E8C0-4982-911B-762251D2E3F5}.Release|Any CPU.ActiveCfg = Release|Any CPU
		{B532A85E-E8C0-4982-911B-762251D2E3F5}.Release|Any CPU.Build.0 = Release|Any CPU
	EndGlobalSection
	GlobalSection(SolutionProperties) = preSolution
		HideSolutionNode = FALSE
	EndGlobalSection
	GlobalSection(ExtensibilityGlobals) = postSolution
		SolutionGuid = {FA0820A0-BC9A-4636-BFAB-D86007C8D1BB}
	EndGlobalSection
EndGlobal
